<?xml version="1.0" encoding="UTF-8" standalone="yes" ?>
<CodeBlocks_project_file>
	<FileVersion major="1" minor="6" />
	<Project>
		<Option title="MUSA_PROFET" />
		<Option pch_mode="2" />
		<Option compiler="gcc" />
		<Build>
			<Target title="Debug">
				<Option output="bin/Debug/MUSA_PROFET" prefix_auto="1" extension_auto="1" />
				<Option object_output="obj/Debug/" />
				<Option type="1" />
				<Option compiler="gcc" />
				<Compiler>
					<Add option="-g" />
				</Compiler>
			</Target>
			<Target title="Release">
				<Option output="bin/Release/MUSA_PROFET" prefix_auto="1" extension_auto="1" />
				<Option object_output="obj/Release/" />
				<Option type="1" />
				<Option compiler="gcc" />
				<Compiler>
					<Add option="-O2" />
				</Compiler>
				<Linker>
					<Add option="-s" />
				</Linker>
			</Target>
		</Build>
		<Compiler>
			<Add option="-Wall" />
		</Compiler>
		<Unit filename="src/core/engine/Config-impl.h" />
		<Unit filename="src/core/engine/Config.cpp" />
		<Unit filename="src/core/engine/Config.h" />
		<Unit filename="src/core/engine/DModule-impl.h" />
		<Unit filename="src/core/engine/DModule.h" />
		<Unit filename="src/core/engine/EventBuffer-impl.h" />
		<Unit filename="src/core/engine/EventBuffer.h" />
		<Unit filename="src/core/engine/IModule-impl.h" />
		<Unit filename="src/core/engine/IModule.h" />
		<Unit filename="src/core/engine/InPort-impl.h" />
		<Unit filename="src/core/engine/InPort.h" />
		<Unit filename="src/core/engine/Module-impl.h" />
		<Unit filename="src/core/engine/Module.h" />
		<Unit filename="src/core/engine/OutPort-impl.h" />
		<Unit filename="src/core/engine/OutPort.h" />
		<Unit filename="src/core/engine/Simulator-impl.h" />
		<Unit filename="src/core/engine/Simulator.cpp" />
		<Unit filename="src/core/engine/Simulator.h" />
		<Unit filename="src/core/engine/types.h" />
		<Unit filename="src/core/logic/coherence/Controller-impl.h" />
		<Unit filename="src/core/logic/coherence/Controller.h" />
		<Unit filename="src/core/logic/coherence/single/Controller-impl.h" />
		<Unit filename="src/core/logic/coherence/single/Controller.h" />
		<Unit filename="src/core/logic/coherence/single/Directory-impl.h" />
		<Unit filename="src/core/logic/coherence/single/Directory.h" />
		<Unit filename="src/core/logic/coherence/single/Message-impl.h" />
		<Unit filename="src/core/logic/coherence/single/Message.h" />
		<Unit filename="src/core/logic/coherence/single/types-impl.h" />
		<Unit filename="src/core/logic/coherence/single/types.h" />
		<Unit filename="src/core/logic/memory/Cache-impl.h" />
		<Unit filename="src/core/logic/memory/Cache.h" />
		<Unit filename="src/core/logic/memory/CacheSet-impl.h" />
		<Unit filename="src/core/logic/memory/CacheSet.h" />
		<Unit filename="src/core/logic/memory/DRAM-impl.h" />
		<Unit filename="src/core/logic/memory/DRAM.cpp" />
		<Unit filename="src/core/logic/memory/DRAM.h" />
		<Unit filename="src/core/logic/memory/MMU-impl.h" />
		<Unit filename="src/core/logic/memory/MMU.h" />
		<Unit filename="src/core/logic/memory/MSHR-impl.h" />
		<Unit filename="src/core/logic/memory/MSHR.h" />
		<Unit filename="src/core/logic/memory/policy/LRU-impl.h" />
		<Unit filename="src/core/logic/memory/policy/LRU.h" />
		<Unit filename="src/core/logic/memory/policy/NRU-impl.h" />
		<Unit filename="src/core/logic/memory/policy/NRU.h" />
		<Unit filename="src/core/logic/memory/policy/Policy-impl.h" />
		<Unit filename="src/core/logic/memory/policy/Policy.cpp" />
		<Unit filename="src/core/logic/memory/policy/Policy.h" />
		<Unit filename="src/core/logic/memory/policy/Random-impl.h" />
		<Unit filename="src/core/logic/memory/policy/Random.h" />
		<Unit filename="src/core/logic/memory/policy/SRRIP-impl.h" />
		<Unit filename="src/core/logic/memory/policy/SRRIP.h" />
		<Unit filename="src/core/logic/memory/policy/SetDueling-impl.h" />
		<Unit filename="src/core/logic/memory/policy/SetDueling.h" />
		<Unit filename="src/core/logic/memory/policy/TDAKE-impl.h" />
		<Unit filename="src/core/logic/memory/policy/TDAKE.h" />
		<Unit filename="src/core/logic/memory/policy/TreePLRU-impl.h" />
		<Unit filename="src/core/logic/memory/policy/TreePLRU.h" />
		<Unit filename="src/core/logic/memory/policy/dynamic/PolicyTrainer-impl.h" />
		<Unit filename="src/core/logic/memory/policy/dynamic/PolicyTrainer.h" />
		<Unit filename="src/core/logic/memory/policy/dynamic/PolicyTrainerUtils-impl.h" />
		<Unit filename="src/core/logic/memory/policy/dynamic/PolicyTrainerUtils.h" />
		<Unit filename="src/core/logic/memory/policy/types-impl.h" />
		<Unit filename="src/core/logic/memory/policy/types.cpp" />
		<Unit filename="src/core/logic/memory/policy/types.h" />
		<Unit filename="src/core/modules/cpu/Burst.cpp" />
		<Unit filename="src/core/modules/cpu/Burst.h" />
		<Unit filename="src/core/modules/cpu/Memory-impl.h" />
		<Unit filename="src/core/modules/cpu/Memory.h" />
		<Unit filename="src/core/modules/cpu/SimpleMemory-impl.h" />
		<Unit filename="src/core/modules/cpu/SimpleMemory.h" />
		<Unit filename="src/core/modules/cpu/models/ROA.cpp" />
		<Unit filename="src/core/modules/cpu/models/ROA.h" />
		<Unit filename="src/core/modules/cpu/models/types-impl.h" />
		<Unit filename="src/core/modules/cpu/models/types.h" />
		<Unit filename="src/core/modules/interconnect/Bus-impl.h" />
		<Unit filename="src/core/modules/interconnect/Bus.h" />
		<Unit filename="src/core/modules/interconnect/Direct-impl.h" />
		<Unit filename="src/core/modules/interconnect/Direct.h" />
		<Unit filename="src/core/modules/memory/Cache-impl.h" />
		<Unit filename="src/core/modules/memory/Cache.h" />
		<Unit filename="src/core/modules/memory/CacheStats-impl.h" />
		<Unit filename="src/core/modules/memory/CacheStats.h" />
		<Unit filename="src/core/modules/memory/DMA-impl.h" />
		<Unit filename="src/core/modules/memory/DMA.h" />
		<Unit filename="src/core/modules/memory/DRAM-impl.h" />
		<Unit filename="src/core/modules/memory/DRAM.h" />
		<Unit filename="src/core/modules/memory/Dramsim2Controller-impl.h" />
		<Unit filename="src/core/modules/memory/Dramsim2Controller.h" />
		<Unit filename="src/core/modules/memory/Dramsim2ControllerDefs.h" />
		<Unit filename="src/core/modules/memory/PROFET-impl.h" />
		<Unit filename="src/core/modules/memory/PROFET.h" />
		<Unit filename="src/core/modules/memory/Perfect-impl.h" />
		<Unit filename="src/core/modules/memory/Perfect.h" />
		<Unit filename="src/core/modules/memory/RamulatorController-impl.h" />
		<Unit filename="src/core/modules/memory/RamulatorController.h" />
		<Unit filename="src/core/modules/memory/RamulatorControllerDefs.h" />
		<Unit filename="src/core/modules/memory/TLB-impl.h" />
		<Unit filename="src/core/modules/memory/TLB.h" />
		<Unit filename="src/core/modules/memory/bw_lat_mem_ctrl.cpp" />
		<Unit filename="src/core/modules/memory/bw_lat_mem_ctrl.h" />
		<Unit filename="src/core/modules/memory/types-impl.h" />
		<Unit filename="src/core/modules/memory/types.h" />
		<Unit filename="src/core/runtime/TaskDataDep-impl.h" />
		<Unit filename="src/core/runtime/TaskDataDep.h" />
		<Unit filename="src/core/stats/Average-impl.h" />
		<Unit filename="src/core/stats/Average.h" />
		<Unit filename="src/core/stats/AverageMap-impl.h" />
		<Unit filename="src/core/stats/AverageMap.h" />
		<Unit filename="src/core/stats/Counter-impl.h" />
		<Unit filename="src/core/stats/Counter.h" />
		<Unit filename="src/core/stats/CounterMap-impl.h" />
		<Unit filename="src/core/stats/CounterMap.h" />
		<Unit filename="src/core/stats/FalseStat.h" />
		<Unit filename="src/core/stats/Histogram-impl.h" />
		<Unit filename="src/core/stats/Histogram.h" />
		<Unit filename="src/core/stats/Stat-impl.h" />
		<Unit filename="src/core/stats/Stat.cpp" />
		<Unit filename="src/core/stats/Stat.h" />
		<Unit filename="src/core/stats/TimeAverage-impl.h" />
		<Unit filename="src/core/stats/TimeAverage.h" />
		<Unit filename="src/core/stats/TimeStatistics-impl.h" />
		<Unit filename="src/core/stats/TimeStatistics.cpp" />
		<Unit filename="src/core/stats/TimeStatistics.h" />
		<Unit filename="src/core/stats/VulnerabilityAccessCount-impl.h" />
		<Unit filename="src/core/stats/VulnerabilityAccessCount.h" />
		<Unit filename="src/core/stats/VulnerabilityHistogram-impl.h" />
		<Unit filename="src/core/stats/VulnerabilityHistogram.h" />
		<Unit filename="src/core/stats/VulnerabilityStat-impl.h" />
		<Unit filename="src/core/stats/VulnerabilityStat.h" />
		<Unit filename="src/core/stats/VulnerabilityTime-impl.h" />
		<Unit filename="src/core/stats/VulnerabilityTime.h" />
		<Unit filename="src/core/stats/cycle.h" />
		<Unit filename="src/core/tools/clean_drtrace.cpp" />
		<Unit filename="src/core/tools/dr_nonanos.cpp" />
		<Unit filename="src/core/tools/instr_breakdown.cpp" />
		<Unit filename="src/core/tools/instr_breakdown_musa.cpp" />
		<Unit filename="src/core/tools/instr_breakdown_utils.cpp" />
		<Unit filename="src/core/tools/instr_breakdown_utils.h" />
		<Unit filename="src/core/tools/ipc_histogram.cpp" />
		<Unit filename="src/core/tools/mem_analyzer.cpp" />
		<Unit filename="src/core/tools/memfilter.cpp" />
		<Unit filename="src/core/tools/memory_transfer-impl.h" />
		<Unit filename="src/core/tools/memory_transfer.h" />
		<Unit filename="src/core/tools/merge_ompss_dr_traces.cpp" />
		<Unit filename="src/core/tools/merge_sve_memtrace.cpp" />
		<Unit filename="src/core/tools/mpi_merge_sve.cpp" />
		<Unit filename="src/core/tools/mpi_trace_sve.cpp" />
		<Unit filename="src/core/tools/ompss.cpp" />
		<Unit filename="src/core/tools/ompss_dr.cpp" />
		<Unit filename="src/core/tools/ompss_mpi_dr_mem.cpp" />
		<Unit filename="src/core/tools/ompss_mpi_mem.cpp" />
		<Unit filename="src/core/tools/ompss_mpi_merge.cpp" />
		<Unit filename="src/core/tools/ompss_mpi_perf.cpp" />
		<Unit filename="src/core/tools/ompss_mpi_pin_mem.cpp" />
		<Unit filename="src/core/tools/ompss_util-impl.h" />
		<Unit filename="src/core/tools/ompss_util.cpp" />
		<Unit filename="src/core/tools/ompss_util.h" />
		<Unit filename="src/core/tools/paraver_intermediate_to_txt.cpp" />
		<Unit filename="src/core/tools/task_data.cpp" />
		<Unit filename="src/core/tools/trace_compare.cpp" />
		<Unit filename="src/core/tools/trace_compare_info.cpp" />
		<Unit filename="src/core/tools/trace_compare_new.cpp" />
		<Unit filename="src/core/tools/trace_conversion_config.cpp" />
		<Unit filename="src/core/tools/trace_conversion_config.h" />
		<Unit filename="src/core/tools/trace_convert.cpp" />
		<Unit filename="src/core/tools/trace_sve.cpp" />
		<Unit filename="src/core/tools/trace_to_csvtdg.cpp" />
		<Unit filename="src/core/tools/wd_info.cpp" />
		<Unit filename="src/core/trace/BinaryEventStream-impl.h" />
		<Unit filename="src/core/trace/BinaryEventStream.h" />
		<Unit filename="src/core/trace/CompressedFileTrace-impl.h" />
		<Unit filename="src/core/trace/CompressedFileTrace.h" />
		<Unit filename="src/core/trace/Event-impl.h" />
		<Unit filename="src/core/trace/Event.h" />
		<Unit filename="src/core/trace/FileTrace-impl.h" />
		<Unit filename="src/core/trace/FileTrace.h" />
		<Unit filename="src/core/trace/MapEvent-impl.h" />
		<Unit filename="src/core/trace/MapEvent.h" />
		<Unit filename="src/core/trace/MemParser-impl.h" />
		<Unit filename="src/core/trace/MemParser.h" />
		<Unit filename="src/core/trace/NameEvent-impl.h" />
		<Unit filename="src/core/trace/NameEvent.h" />
		<Unit filename="src/core/trace/TextEventStream-impl.h" />
		<Unit filename="src/core/trace/TextEventStream.h" />
		<Unit filename="src/core/trace/Trace-impl.h" />
		<Unit filename="src/core/trace/Trace.h" />
		<Unit filename="src/core/trace/TraceReader-impl.h" />
		<Unit filename="src/core/trace/TraceReader.h" />
		<Unit filename="src/core/trace/TraceWriter-impl.h" />
		<Unit filename="src/core/trace/TraceWriter.h" />
		<Unit filename="src/core/trace/VectorEvent-impl.h" />
		<Unit filename="src/core/trace/VectorEvent.h" />
		<Unit filename="src/core/trace/common/bbl-impl.h" />
		<Unit filename="src/core/trace/common/bbl.h" />
		<Unit filename="src/core/trace/common/mem-impl.h" />
		<Unit filename="src/core/trace/common/mem.h" />
		<Unit filename="src/core/trace/common/minst-impl.h" />
		<Unit filename="src/core/trace/common/minst.h" />
		<Unit filename="src/core/trace/common/mitem-impl.h" />
		<Unit filename="src/core/trace/common/mitem.h" />
		<Unit filename="src/core/trace/common/types.h" />
		<Unit filename="src/core/trace/dr/BasicDecoder-impl.h" />
		<Unit filename="src/core/trace/dr/BasicDecoder.h" />
		<Unit filename="src/core/trace/dr/IntelDecoder-impl.h" />
		<Unit filename="src/core/trace/dr/IntelDecoder.h" />
		<Unit filename="src/core/trace/dr/dynamoRIOTool.cpp" />
		<Unit filename="src/core/trace/dr/dynamoRIOTool.h" />
		<Unit filename="src/core/trace/dr/types-impl.h" />
		<Unit filename="src/core/trace/dr/types.h" />
		<Unit filename="src/core/trace/intel/Trace-impl.h" />
		<Unit filename="src/core/trace/intel/Trace.h" />
		<Unit filename="src/core/trace/intel/pin_interface.h" />
		<Unit filename="src/core/trace/intel/types.h" />
		<Unit filename="src/core/trace/mem/CacheFilter-impl.h" />
		<Unit filename="src/core/trace/mem/CacheFilter.h" />
		<Unit filename="src/core/trace/mem/FilteredTrace-impl.h" />
		<Unit filename="src/core/trace/mem/FilteredTrace.h" />
		<Unit filename="src/core/trace/mem/Trace-impl.h" />
		<Unit filename="src/core/trace/mem/Trace.h" />
		<Unit filename="src/core/trace/mem/pin_interface.h" />
		<Unit filename="src/core/trace/mem/types-impl.h" />
		<Unit filename="src/core/trace/mem/types.h" />
		<Unit filename="src/core/trace/ompss/Trace-impl.h" />
		<Unit filename="src/core/trace/ompss/Trace.h" />
		<Unit filename="src/core/trace/ompss/types-impl.h" />
		<Unit filename="src/core/trace/ompss/types.h" />
		<Unit filename="src/core/trace/ptlsim-decode.h" />
		<Unit filename="src/core/trace/rle/Trace-impl.h" />
		<Unit filename="src/core/trace/rle/Trace.h" />
		<Unit filename="src/core/trace/rle/pin_interface.h" />
		<Unit filename="src/core/trace/rle/types-impl.h" />
		<Unit filename="src/core/trace/rle/types.h" />
		<Unit filename="src/core/trace/ts/Trace-impl.h" />
		<Unit filename="src/core/trace/ts/Trace.h" />
		<Unit filename="src/core/trace/ts/nanos-impl.h" />
		<Unit filename="src/core/trace/ts/nanos.h" />
		<Unit filename="src/core/trace/ts/types-impl.h" />
		<Unit filename="src/core/trace/ts/types.h" />
		<Unit filename="src/core/trace/type_traits.h" />
		<Unit filename="src/core/trace/types-impl.h" />
		<Unit filename="src/core/trace/types.h" />
		<Unit filename="src/core/trace/uop/Trace.h" />
		<Unit filename="src/core/trace/uop/pin_interface.h" />
		<Unit filename="src/core/utils/CheckTrace.cpp" />
		<Unit filename="src/core/utils/CheckTrace.h" />
		<Unit filename="src/core/utils/CompressedBuffer-impl.h" />
		<Unit filename="src/core/utils/CompressedBuffer.h" />
		<Unit filename="src/core/utils/CompressedStream-impl.h" />
		<Unit filename="src/core/utils/CompressedStream.h" />
		<Unit filename="src/core/utils/GzBuffer.cpp" />
		<Unit filename="src/core/utils/GzBuffer.h" />
		<Unit filename="src/core/utils/GzFile-impl.h" />
		<Unit filename="src/core/utils/GzFile.h" />
		<Unit filename="src/core/utils/GzStream-impl.h" />
		<Unit filename="src/core/utils/GzStream.h" />
		<Unit filename="src/core/utils/Log.cpp" />
		<Unit filename="src/core/utils/Log.h" />
		<Unit filename="src/core/utils/NonCopyable.h" />
		<Unit filename="src/core/utils/RangeMap-impl.h" />
		<Unit filename="src/core/utils/RangeMap.h" />
		<Unit filename="src/core/utils/RangeSet-impl.h" />
		<Unit filename="src/core/utils/RangeSet.h" />
		<Unit filename="src/core/utils/ReusableObject.h" />
		<Unit filename="src/core/utils/TimeList-impl.h" />
		<Unit filename="src/core/utils/TimeList.h" />
		<Unit filename="src/core/utils/instrumentation/Instrumentation-impl.h" />
		<Unit filename="src/core/utils/instrumentation/Instrumentation.h" />
		<Unit filename="src/core/utils/instrumentation/Paraver-impl.h" />
		<Unit filename="src/core/utils/instrumentation/Paraver.h" />
		<Unit filename="src/core/utils/instrumentation/ParaverDefs.h" />
		<Unit filename="src/core/utils/instrumentation/types-impl.h" />
		<Unit filename="src/core/utils/instrumentation/types.h" />
		<Unit filename="src/core/utils/macros.h" />
		<Unit filename="src/core/utils/mean.h" />
		<Unit filename="src/core/utils/median.h" />
		<Unit filename="src/core/utils/split.h" />
		<Unit filename="src/core/utils/tsmpi/libtsmpi.c">
			<Option compilerVar="CC" />
		</Unit>
		<Unit filename="src/core/utils/tsmpi/libtsmpi.h" />
		<Unit filename="src/core/utils/tsmpi/libtsmpi_extern-impl.h" />
		<Unit filename="src/core/utils/tsmpi/libtsmpi_extern.h" />
		<Unit filename="src/core/utils/tsmpi/libtsmpi_types.h" />
		<Unit filename="src/core/utils/tsmpi/tasksim_presim.cpp" />
		<Unit filename="src/core/utils/tsmpi/tasksim_presim.h" />
		<Unit filename="src/core/utils/tsmpi/tasksim_presim_filter.c">
			<Option compilerVar="CC" />
		</Unit>
		<Unit filename="src/core/utils/tsmpi/tasksim_presim_sorter.cpp" />
		<Unit filename="src/simulators/examples/helloworldsim/helloworldsim.cpp" />
		<Unit filename="src/simulators/examples/memsim/memsim.cpp" />
		<Unit filename="src/simulators/examples/memsim/runtime/SimpleMemory.cpp" />
		<Unit filename="src/simulators/examples/memsim/runtime/SimpleMemory.h" />
		<Unit filename="src/simulators/examples/simpleburst/runtime/OmpSs_test.cpp" />
		<Unit filename="src/simulators/examples/simpleburst/runtime/OmpSs_test.h" />
		<Unit filename="src/simulators/examples/simpleburst/simpleburst.cpp" />
		<Unit filename="src/simulators/examples/simplememsim/runtime/SingleInst.cpp" />
		<Unit filename="src/simulators/examples/simplememsim/runtime/SingleInst.h" />
		<Unit filename="src/simulators/examples/simplememsim/simplememsim.cpp" />
		<Unit filename="src/simulators/fastmemsim/fastmemsim.cpp" />
		<Unit filename="src/simulators/fastmemsim/modules/cpu/FastMem-impl.h" />
		<Unit filename="src/simulators/fastmemsim/modules/cpu/FastMem.h" />
		<Unit filename="src/simulators/fastmemsim/runtime/FastMem.cpp" />
		<Unit filename="src/simulators/fastmemsim/runtime/FastMem.h" />
		<Unit filename="src/simulators/fastmemsim/trace/TraceReader.cpp" />
		<Unit filename="src/simulators/fastmemsim/trace/TraceReader.h" />
		<Unit filename="src/simulators/fastmemsim/trace/types.h" />
		<Unit filename="src/simulators/frontendsim/frontendsim.cpp" />
		<Unit filename="src/simulators/frontendsim/logic/coherence/single/TimeController-impl.h" />
		<Unit filename="src/simulators/frontendsim/logic/coherence/single/TimeController.h" />
		<Unit filename="src/simulators/frontendsim/modules/cpu/ICore-impl.h" />
		<Unit filename="src/simulators/frontendsim/modules/cpu/ICore.h" />
		<Unit filename="src/simulators/frontendsim/runtime/FrontEnd.cpp" />
		<Unit filename="src/simulators/frontendsim/runtime/FrontEnd.h" />
		<Unit filename="src/simulators/frontendsim/trace/TraceReader-impl.h" />
		<Unit filename="src/simulators/frontendsim/trace/TraceReader.h" />
		<Unit filename="src/simulators/frontendsim/trace/types-impl.h" />
		<Unit filename="src/simulators/frontendsim/trace/types.h" />
		<Unit filename="src/simulators/sttmramsim/modules/cpu/STTMRAM-impl.h" />
		<Unit filename="src/simulators/sttmramsim/modules/cpu/STTMRAM.h" />
		<Unit filename="src/simulators/sttmramsim/runtime/STTMRAM.cpp" />
		<Unit filename="src/simulators/sttmramsim/runtime/STTMRAM.h" />
		<Unit filename="src/simulators/sttmramsim/sttmramsim.cpp" />
		<Unit filename="src/simulators/sttmramsim/trace/TraceReader.cpp" />
		<Unit filename="src/simulators/sttmramsim/trace/TraceReader.h" />
		<Unit filename="src/simulators/sttmramsim/trace/types.h" />
		<Unit filename="src/simulators/tasksim/burstsim.cpp" />
		<Unit filename="src/simulators/tasksim/runtime/ModeSelector.cpp" />
		<Unit filename="src/simulators/tasksim/runtime/ModeSelector.h" />
		<Unit filename="src/simulators/tasksim/runtime/NanoxAPI-impl.h" />
		<Unit filename="src/simulators/tasksim/runtime/NanoxAPI.h" />
		<Unit filename="src/simulators/tasksim/runtime/NanoxBridge.cpp" />
		<Unit filename="src/simulators/tasksim/runtime/NanoxBridge.h" />
		<Unit filename="src/simulators/tasksim/runtime/OmpSs.cpp" />
		<Unit filename="src/simulators/tasksim/runtime/OmpSs.h" />
		<Unit filename="src/simulators/tasksim/runtime/RuntimeThread.cpp" />
		<Unit filename="src/simulators/tasksim/runtime/RuntimeThread.h" />
		<Unit filename="src/simulators/tasksim/runtime/SimBaseThread.h" />
		<Unit filename="src/simulators/tasksim/runtime/ThreadState.h" />
		<Unit filename="src/simulators/tasksim/runtime/mode_selector_policies/BurstOnly.cpp" />
		<Unit filename="src/simulators/tasksim/runtime/mode_selector_policies/BurstOnly.h" />
		<Unit filename="src/simulators/tasksim/runtime/mode_selector_policies/Memory.cpp" />
		<Unit filename="src/simulators/tasksim/runtime/mode_selector_policies/Memory.h" />
		<Unit filename="src/simulators/tasksim/runtime/mode_selector_policies/PolicyInterface.h" />
		<Unit filename="src/simulators/tasksim/runtime/mode_selector_policies/SampleHistory.cpp" />
		<Unit filename="src/simulators/tasksim/runtime/mode_selector_policies/SampleHistory.h" />
		<Unit filename="src/simulators/tasksim/runtime/mode_selector_policies/TaskPoint.cpp" />
		<Unit filename="src/simulators/tasksim/runtime/mode_selector_policies/TaskPoint.h" />
		<Unit filename="src/simulators/tasksim/runtime/runtimeInitDefs.h" />
		<Unit filename="src/simulators/tasksim/runtime/smp/SimSmpDD.cpp" />
		<Unit filename="src/simulators/tasksim/runtime/smp/SimSmpDD.h" />
		<Unit filename="src/simulators/tasksim/runtime/smp/SimSmpPlugin-impl.h" />
		<Unit filename="src/simulators/tasksim/runtime/smp/SimSmpPlugin.cpp" />
		<Unit filename="src/simulators/tasksim/runtime/smp/SimSmpPlugin.h" />
		<Unit filename="src/simulators/tasksim/runtime/smp/SimSmpProcessor.cpp" />
		<Unit filename="src/simulators/tasksim/runtime/smp/SimSmpProcessor.h" />
		<Unit filename="src/simulators/tasksim/runtime/smp/SimSmpThread.cpp" />
		<Unit filename="src/simulators/tasksim/runtime/smp/SimSmpThread.h" />
		<Unit filename="src/simulators/tasksim/runtime/types.h" />
		<Unit filename="src/simulators/tasksim/tasksim.cpp" />
		<Unit filename="src/simulators/tasksim/tasksim_arm.cpp" />
		<Unit filename="src/simulators/tasksim/tasksim_sumway.cpp" />
		<Extensions>
			<lib_finder disable_auto="1" />
		</Extensions>
	</Project>
</CodeBlocks_project_file>
